{
  "pins" : [
    {
      "identity" : "snapkit",
      "kind" : "remoteSourceControl",
      "location" : "https://github.com/SnapKit/SnapKit",
      "state" : {
        "revision" : "f222cbdf325885926566172f6f5f06af95473158",
        "version" : "5.6.0"
      }
    },
    {
      "identity" : "todomodelsyandex",
      "kind" : "remoteSourceControl",
      "location" : "https://github.com/dxulet/TodoModelsYandex.git",
      "state" : {
        "revision" : "815349f97839c489a61dd9d7bddeb557fa85ac43",
        "version" : "1.0.3"
      }
    }
  ],
  "version" : 2
}
