{
  "pins" : [
    {
      "identity" : "snapkit",
      "kind" : "remoteSourceControl",
      "location" : "https://github.com/SnapKit/SnapKit",
      "state" : {
        "revision" : "f222cbdf325885926566172f6f5f06af95473158",
        "version" : "5.6.0"
      }
    },
    {
      "identity" : "sqlite.swift",
      "kind" : "remoteSourceControl",
      "location" : "https://github.com/stephencelis/SQLite.swift.git",
      "state" : {
        "revision" : "7a2e3cd27de56f6d396e84f63beefd0267b55ccb",
        "version" : "0.14.1"
      }
    },
    {
      "identity" : "todomodelsyandex",
      "kind" : "remoteSourceControl",
      "location" : "https://github.com/dxulet/TodoModelsYandex.git",
      "state" : {
        "revision" : "1a09d675335cb399a4582897f028be403e5c16c4",
        "version" : "1.0.6"
      }
    }
  ],
  "version" : 2
}
