// !$*UTF8*$!
{
	archiveVersion = 1;
	classes = {
	};
	objectVersion = 56;
	objects = {

/* Begin PBXBuildFile section */
		5251167D2A51656500D568FD /* Pods_TodoList.framework in Frameworks */ = {isa = PBXBuildFile; fileRef = A6BB2EA80BDB53125FCF8FEA /* Pods_TodoList.framework */; };
		525E599B2A549F020088BAA7 /* TodoModelsYandex in Frameworks */ = {isa = PBXBuildFile; productRef = 525E599A2A549F020088BAA7 /* TodoModelsYandex */; };
		527DF3492A4989CC00C8B2FD /* Extensions.swift in Sources */ = {isa = PBXBuildFile; fileRef = 527DF3482A4989CC00C8B2FD /* Extensions.swift */; };
		527DF34C2A4ABB8100C8B2FD /* Colors.swift in Sources */ = {isa = PBXBuildFile; fileRef = 527DF34B2A4ABB8100C8B2FD /* Colors.swift */; };
		527DF34E2A4AC64800C8B2FD /* DividerView.swift in Sources */ = {isa = PBXBuildFile; fileRef = 527DF34D2A4AC64800C8B2FD /* DividerView.swift */; };
		527DF3512A4ADC1800C8B2FD /* TodoItemCell.swift in Sources */ = {isa = PBXBuildFile; fileRef = 527DF3502A4ADC1800C8B2FD /* TodoItemCell.swift */; };
		527DF3532A4ADF7800C8B2FD /* Images.swift in Sources */ = {isa = PBXBuildFile; fileRef = 527DF3522A4ADF7800C8B2FD /* Images.swift */; };
		527DF3582A4AF3D100C8B2FD /* TodoListController.swift in Sources */ = {isa = PBXBuildFile; fileRef = 527DF3572A4AF3D100C8B2FD /* TodoListController.swift */; };
		527DF35B2A4D931500C8B2FD /* SnapKit in Frameworks */ = {isa = PBXBuildFile; productRef = 527DF35A2A4D931500C8B2FD /* SnapKit */; };
		527DF35E2A4F5B5C00C8B2FD /* HeaderViewCell.swift in Sources */ = {isa = PBXBuildFile; fileRef = 527DF35D2A4F5B5C00C8B2FD /* HeaderViewCell.swift */; };
		527DF3602A4F9D3400C8B2FD /* FooterViewCell.swift in Sources */ = {isa = PBXBuildFile; fileRef = 527DF35F2A4F9D3400C8B2FD /* FooterViewCell.swift */; };
		52AF6FC22A445B5A0060758E /* AppDelegate.swift in Sources */ = {isa = PBXBuildFile; fileRef = 52AF6FC12A445B5A0060758E /* AppDelegate.swift */; };
		52AF6FC42A445B5A0060758E /* SceneDelegate.swift in Sources */ = {isa = PBXBuildFile; fileRef = 52AF6FC32A445B5A0060758E /* SceneDelegate.swift */; };
		52AF6FCB2A445B5B0060758E /* Assets.xcassets in Resources */ = {isa = PBXBuildFile; fileRef = 52AF6FCA2A445B5B0060758E /* Assets.xcassets */; };
		52AF6FD92A445B5B0060758E /* TodoListTests.swift in Sources */ = {isa = PBXBuildFile; fileRef = 52AF6FD82A445B5B0060758E /* TodoListTests.swift */; };
		52AF6FE32A445B5B0060758E /* TodoListUITests.swift in Sources */ = {isa = PBXBuildFile; fileRef = 52AF6FE22A445B5B0060758E /* TodoListUITests.swift */; };
		52AF6FE52A445B5B0060758E /* TodoListUITestsLaunchTests.swift in Sources */ = {isa = PBXBuildFile; fileRef = 52AF6FE42A445B5B0060758E /* TodoListUITestsLaunchTests.swift */; };
		52AF70032A449BAC0060758E /* AddTodoController.swift in Sources */ = {isa = PBXBuildFile; fileRef = 52AF70022A449BAC0060758E /* AddTodoController.swift */; };
		52AF70052A449C210060758E /* AddTodoView.swift in Sources */ = {isa = PBXBuildFile; fileRef = 52AF70042A449C210060758E /* AddTodoView.swift */; };
		52AF70072A449CF80060758E /* PriorityView.swift in Sources */ = {isa = PBXBuildFile; fileRef = 52AF70062A449CF80060758E /* PriorityView.swift */; };
		52AF70092A44A1A90060758E /* GlobalConstants.swift in Sources */ = {isa = PBXBuildFile; fileRef = 52AF70082A44A1A90060758E /* GlobalConstants.swift */; };
		52AF700B2A4564250060758E /* DeadlineCalenarView.swift in Sources */ = {isa = PBXBuildFile; fileRef = 52AF700A2A4564250060758E /* DeadlineCalenarView.swift */; };
		52AF700D2A45C2F60060758E /* CustomTextView.swift in Sources */ = {isa = PBXBuildFile; fileRef = 52AF700C2A45C2F60060758E /* CustomTextView.swift */; };
		52AF700F2A466F5F0060758E /* AddTodoPresentationModel.swift in Sources */ = {isa = PBXBuildFile; fileRef = 52AF700E2A466F5F0060758E /* AddTodoPresentationModel.swift */; };
		D1553C4F4196171012DCB7A6 /* Pods_TodoListTests.framework in Frameworks */ = {isa = PBXBuildFile; fileRef = 62B818232772081BA347DEF0 /* Pods_TodoListTests.framework */; };
		EA926851B523D429137C79DB /* Pods_TodoList_TodoListUITests.framework in Frameworks */ = {isa = PBXBuildFile; fileRef = 2649D2974B623DD3FD1B47D4 /* Pods_TodoList_TodoListUITests.framework */; };
/* End PBXBuildFile section */

/* Begin PBXContainerItemProxy section */
		52AF6FD52A445B5B0060758E /* PBXContainerItemProxy */ = {
			isa = PBXContainerItemProxy;
			containerPortal = 52AF6FB62A445B5A0060758E /* Project object */;
			proxyType = 1;
			remoteGlobalIDString = 52AF6FBD2A445B5A0060758E;
			remoteInfo = TodoList;
		};
		52AF6FDF2A445B5B0060758E /* PBXContainerItemProxy */ = {
			isa = PBXContainerItemProxy;
			containerPortal = 52AF6FB62A445B5A0060758E /* Project object */;
			proxyType = 1;
			remoteGlobalIDString = 52AF6FBD2A445B5A0060758E;
			remoteInfo = TodoList;
		};
/* End PBXContainerItemProxy section */

/* Begin PBXFileReference section */
		2649D2974B623DD3FD1B47D4 /* Pods_TodoList_TodoListUITests.framework */ = {isa = PBXFileReference; explicitFileType = wrapper.framework; includeInIndex = 0; path = Pods_TodoList_TodoListUITests.framework; sourceTree = BUILT_PRODUCTS_DIR; };
		527DF3482A4989CC00C8B2FD /* Extensions.swift */ = {isa = PBXFileReference; lastKnownFileType = sourcecode.swift; path = Extensions.swift; sourceTree = "<group>"; };
		527DF34B2A4ABB8100C8B2FD /* Colors.swift */ = {isa = PBXFileReference; lastKnownFileType = sourcecode.swift; path = Colors.swift; sourceTree = "<group>"; };
		527DF34D2A4AC64800C8B2FD /* DividerView.swift */ = {isa = PBXFileReference; lastKnownFileType = sourcecode.swift; path = DividerView.swift; sourceTree = "<group>"; };
		527DF3502A4ADC1800C8B2FD /* TodoItemCell.swift */ = {isa = PBXFileReference; lastKnownFileType = sourcecode.swift; path = TodoItemCell.swift; sourceTree = "<group>"; };
		527DF3522A4ADF7800C8B2FD /* Images.swift */ = {isa = PBXFileReference; lastKnownFileType = sourcecode.swift; path = Images.swift; sourceTree = "<group>"; };
		527DF3572A4AF3D100C8B2FD /* TodoListController.swift */ = {isa = PBXFileReference; lastKnownFileType = sourcecode.swift; path = TodoListController.swift; sourceTree = "<group>"; };
		527DF35D2A4F5B5C00C8B2FD /* HeaderViewCell.swift */ = {isa = PBXFileReference; lastKnownFileType = sourcecode.swift; path = HeaderViewCell.swift; sourceTree = "<group>"; };
		527DF35F2A4F9D3400C8B2FD /* FooterViewCell.swift */ = {isa = PBXFileReference; lastKnownFileType = sourcecode.swift; path = FooterViewCell.swift; sourceTree = "<group>"; };
		52AF6FBE2A445B5A0060758E /* TodoList.app */ = {isa = PBXFileReference; explicitFileType = wrapper.application; includeInIndex = 0; path = TodoList.app; sourceTree = BUILT_PRODUCTS_DIR; };
		52AF6FC12A445B5A0060758E /* AppDelegate.swift */ = {isa = PBXFileReference; lastKnownFileType = sourcecode.swift; path = AppDelegate.swift; sourceTree = "<group>"; };
		52AF6FC32A445B5A0060758E /* SceneDelegate.swift */ = {isa = PBXFileReference; lastKnownFileType = sourcecode.swift; path = SceneDelegate.swift; sourceTree = "<group>"; };
		52AF6FCA2A445B5B0060758E /* Assets.xcassets */ = {isa = PBXFileReference; lastKnownFileType = folder.assetcatalog; path = Assets.xcassets; sourceTree = "<group>"; };
		52AF6FCF2A445B5B0060758E /* Info.plist */ = {isa = PBXFileReference; lastKnownFileType = text.plist.xml; path = Info.plist; sourceTree = "<group>"; };
		52AF6FD42A445B5B0060758E /* TodoListTests.xctest */ = {isa = PBXFileReference; explicitFileType = wrapper.cfbundle; includeInIndex = 0; path = TodoListTests.xctest; sourceTree = BUILT_PRODUCTS_DIR; };
		52AF6FD82A445B5B0060758E /* TodoListTests.swift */ = {isa = PBXFileReference; lastKnownFileType = sourcecode.swift; path = TodoListTests.swift; sourceTree = "<group>"; };
		52AF6FDE2A445B5B0060758E /* TodoListUITests.xctest */ = {isa = PBXFileReference; explicitFileType = wrapper.cfbundle; includeInIndex = 0; path = TodoListUITests.xctest; sourceTree = BUILT_PRODUCTS_DIR; };
		52AF6FE22A445B5B0060758E /* TodoListUITests.swift */ = {isa = PBXFileReference; lastKnownFileType = sourcecode.swift; path = TodoListUITests.swift; sourceTree = "<group>"; };
		52AF6FE42A445B5B0060758E /* TodoListUITestsLaunchTests.swift */ = {isa = PBXFileReference; lastKnownFileType = sourcecode.swift; path = TodoListUITestsLaunchTests.swift; sourceTree = "<group>"; };
		52AF70022A449BAC0060758E /* AddTodoController.swift */ = {isa = PBXFileReference; lastKnownFileType = sourcecode.swift; path = AddTodoController.swift; sourceTree = "<group>"; };
		52AF70042A449C210060758E /* AddTodoView.swift */ = {isa = PBXFileReference; lastKnownFileType = sourcecode.swift; path = AddTodoView.swift; sourceTree = "<group>"; };
		52AF70062A449CF80060758E /* PriorityView.swift */ = {isa = PBXFileReference; lastKnownFileType = sourcecode.swift; path = PriorityView.swift; sourceTree = "<group>"; };
		52AF70082A44A1A90060758E /* GlobalConstants.swift */ = {isa = PBXFileReference; lastKnownFileType = sourcecode.swift; path = GlobalConstants.swift; sourceTree = "<group>"; };
		52AF700A2A4564250060758E /* DeadlineCalenarView.swift */ = {isa = PBXFileReference; lastKnownFileType = sourcecode.swift; path = DeadlineCalenarView.swift; sourceTree = "<group>"; };
		52AF700C2A45C2F60060758E /* CustomTextView.swift */ = {isa = PBXFileReference; lastKnownFileType = sourcecode.swift; path = CustomTextView.swift; sourceTree = "<group>"; };
		52AF700E2A466F5F0060758E /* AddTodoPresentationModel.swift */ = {isa = PBXFileReference; lastKnownFileType = sourcecode.swift; path = AddTodoPresentationModel.swift; sourceTree = "<group>"; };
		62B818232772081BA347DEF0 /* Pods_TodoListTests.framework */ = {isa = PBXFileReference; explicitFileType = wrapper.framework; includeInIndex = 0; path = Pods_TodoListTests.framework; sourceTree = BUILT_PRODUCTS_DIR; };
		64CEF58B058554614129FB8A /* Pods-TodoList-TodoListUITests.release.xcconfig */ = {isa = PBXFileReference; includeInIndex = 1; lastKnownFileType = text.xcconfig; name = "Pods-TodoList-TodoListUITests.release.xcconfig"; path = "Target Support Files/Pods-TodoList-TodoListUITests/Pods-TodoList-TodoListUITests.release.xcconfig"; sourceTree = "<group>"; };
		6BCD2A8EC9004785DF50D031 /* Pods-TodoList-TodoListUITests.debug.xcconfig */ = {isa = PBXFileReference; includeInIndex = 1; lastKnownFileType = text.xcconfig; name = "Pods-TodoList-TodoListUITests.debug.xcconfig"; path = "Target Support Files/Pods-TodoList-TodoListUITests/Pods-TodoList-TodoListUITests.debug.xcconfig"; sourceTree = "<group>"; };
		7B7C495EB41C2181F3220519 /* Pods-TodoList.release.xcconfig */ = {isa = PBXFileReference; includeInIndex = 1; lastKnownFileType = text.xcconfig; name = "Pods-TodoList.release.xcconfig"; path = "Target Support Files/Pods-TodoList/Pods-TodoList.release.xcconfig"; sourceTree = "<group>"; };
		A6BB2EA80BDB53125FCF8FEA /* Pods_TodoList.framework */ = {isa = PBXFileReference; explicitFileType = wrapper.framework; includeInIndex = 0; path = Pods_TodoList.framework; sourceTree = BUILT_PRODUCTS_DIR; };
		D016DF16990E01599C97EB31 /* Pods-TodoList.debug.xcconfig */ = {isa = PBXFileReference; includeInIndex = 1; lastKnownFileType = text.xcconfig; name = "Pods-TodoList.debug.xcconfig"; path = "Target Support Files/Pods-TodoList/Pods-TodoList.debug.xcconfig"; sourceTree = "<group>"; };
		D8657A9E31C857D9663BBFBE /* Pods-TodoListTests.debug.xcconfig */ = {isa = PBXFileReference; includeInIndex = 1; lastKnownFileType = text.xcconfig; name = "Pods-TodoListTests.debug.xcconfig"; path = "Target Support Files/Pods-TodoListTests/Pods-TodoListTests.debug.xcconfig"; sourceTree = "<group>"; };
		F6AEFA32BCEE7C8DA39432ED /* Pods-TodoListTests.release.xcconfig */ = {isa = PBXFileReference; includeInIndex = 1; lastKnownFileType = text.xcconfig; name = "Pods-TodoListTests.release.xcconfig"; path = "Target Support Files/Pods-TodoListTests/Pods-TodoListTests.release.xcconfig"; sourceTree = "<group>"; };
/* End PBXFileReference section */

/* Begin PBXFrameworksBuildPhase section */
		52AF6FBB2A445B5A0060758E /* Frameworks */ = {
			isa = PBXFrameworksBuildPhase;
			buildActionMask = 2147483647;
			files = (
				525E599B2A549F020088BAA7 /* TodoModelsYandex in Frameworks */,
				527DF35B2A4D931500C8B2FD /* SnapKit in Frameworks */,
				5251167D2A51656500D568FD /* Pods_TodoList.framework in Frameworks */,
			);
			runOnlyForDeploymentPostprocessing = 0;
		};
		52AF6FD12A445B5B0060758E /* Frameworks */ = {
			isa = PBXFrameworksBuildPhase;
			buildActionMask = 2147483647;
			files = (
				D1553C4F4196171012DCB7A6 /* Pods_TodoListTests.framework in Frameworks */,
			);
			runOnlyForDeploymentPostprocessing = 0;
		};
		52AF6FDB2A445B5B0060758E /* Frameworks */ = {
			isa = PBXFrameworksBuildPhase;
			buildActionMask = 2147483647;
			files = (
				EA926851B523D429137C79DB /* Pods_TodoList_TodoListUITests.framework in Frameworks */,
			);
			runOnlyForDeploymentPostprocessing = 0;
		};
/* End PBXFrameworksBuildPhase section */

/* Begin PBXGroup section */
		43336F03BF88C89ABDDF313F /* Pods */ = {
			isa = PBXGroup;
			children = (
				D016DF16990E01599C97EB31 /* Pods-TodoList.debug.xcconfig */,
				7B7C495EB41C2181F3220519 /* Pods-TodoList.release.xcconfig */,
				6BCD2A8EC9004785DF50D031 /* Pods-TodoList-TodoListUITests.debug.xcconfig */,
				64CEF58B058554614129FB8A /* Pods-TodoList-TodoListUITests.release.xcconfig */,
				D8657A9E31C857D9663BBFBE /* Pods-TodoListTests.debug.xcconfig */,
				F6AEFA32BCEE7C8DA39432ED /* Pods-TodoListTests.release.xcconfig */,
			);
			path = Pods;
			sourceTree = "<group>";
		};
		527DF3472A48ACEB00C8B2FD /* Data */ = {
			isa = PBXGroup;
			children = (
			);
			path = Data;
			sourceTree = "<group>";
		};
		527DF34F2A4ADBF900C8B2FD /* AddTodoViews */ = {
			isa = PBXGroup;
			children = (
				52AF70042A449C210060758E /* AddTodoView.swift */,
				52AF70062A449CF80060758E /* PriorityView.swift */,
				52AF700A2A4564250060758E /* DeadlineCalenarView.swift */,
				52AF700C2A45C2F60060758E /* CustomTextView.swift */,
				527DF34D2A4AC64800C8B2FD /* DividerView.swift */,
			);
			path = AddTodoViews;
			sourceTree = "<group>";
		};
		527DF35C2A4F5B4100C8B2FD /* TodoListViews */ = {
			isa = PBXGroup;
			children = (
				527DF3502A4ADC1800C8B2FD /* TodoItemCell.swift */,
				527DF35D2A4F5B5C00C8B2FD /* HeaderViewCell.swift */,
				527DF35F2A4F9D3400C8B2FD /* FooterViewCell.swift */,
			);
			path = TodoListViews;
			sourceTree = "<group>";
		};
		52AF6FB52A445B5A0060758E = {
			isa = PBXGroup;
			children = (
				52AF6FC02A445B5A0060758E /* TodoList */,
				52AF6FD72A445B5B0060758E /* TodoListTests */,
				52AF6FE12A445B5B0060758E /* TodoListUITests */,
				52AF6FBF2A445B5A0060758E /* Products */,
				43336F03BF88C89ABDDF313F /* Pods */,
				CF683F44DBF0EB1FDBE5D1B8 /* Frameworks */,
			);
			sourceTree = "<group>";
		};
		52AF6FBF2A445B5A0060758E /* Products */ = {
			isa = PBXGroup;
			children = (
				52AF6FBE2A445B5A0060758E /* TodoList.app */,
				52AF6FD42A445B5B0060758E /* TodoListTests.xctest */,
				52AF6FDE2A445B5B0060758E /* TodoListUITests.xctest */,
			);
			name = Products;
			sourceTree = "<group>";
		};
		52AF6FC02A445B5A0060758E /* TodoList */ = {
			isa = PBXGroup;
			children = (
				527DF3472A48ACEB00C8B2FD /* Data */,
				52AF70012A449A1D0060758E /* App */,
				52AF70002A449A090060758E /* Model */,
				52AF6FFF2A449A030060758E /* Controller */,
				52AF6FFD2A4499F70060758E /* Views */,
				52AF6FFB2A44999E0060758E /* Helpers */,
				52AF6FCA2A445B5B0060758E /* Assets.xcassets */,
				52AF6FCF2A445B5B0060758E /* Info.plist */,
			);
			path = TodoList;
			sourceTree = "<group>";
		};
		52AF6FD72A445B5B0060758E /* TodoListTests */ = {
			isa = PBXGroup;
			children = (
				52AF6FD82A445B5B0060758E /* TodoListTests.swift */,
			);
			path = TodoListTests;
			sourceTree = "<group>";
		};
		52AF6FE12A445B5B0060758E /* TodoListUITests */ = {
			isa = PBXGroup;
			children = (
				52AF6FE22A445B5B0060758E /* TodoListUITests.swift */,
				52AF6FE42A445B5B0060758E /* TodoListUITestsLaunchTests.swift */,
			);
			path = TodoListUITests;
			sourceTree = "<group>";
		};
		52AF6FFB2A44999E0060758E /* Helpers */ = {
			isa = PBXGroup;
			children = (
				52AF70082A44A1A90060758E /* GlobalConstants.swift */,
				527DF3482A4989CC00C8B2FD /* Extensions.swift */,
				527DF34B2A4ABB8100C8B2FD /* Colors.swift */,
				527DF3522A4ADF7800C8B2FD /* Images.swift */,
			);
			path = Helpers;
			sourceTree = "<group>";
		};
		52AF6FFD2A4499F70060758E /* Views */ = {
			isa = PBXGroup;
			children = (
				527DF34F2A4ADBF900C8B2FD /* AddTodoViews */,
				527DF35C2A4F5B4100C8B2FD /* TodoListViews */,
			);
			path = Views;
			sourceTree = "<group>";
		};
		52AF6FFF2A449A030060758E /* Controller */ = {
			isa = PBXGroup;
			children = (
				52AF70022A449BAC0060758E /* AddTodoController.swift */,
				527DF3572A4AF3D100C8B2FD /* TodoListController.swift */,
			);
			path = Controller;
			sourceTree = "<group>";
		};
		52AF70002A449A090060758E /* Model */ = {
			isa = PBXGroup;
			children = (
				52AF700E2A466F5F0060758E /* AddTodoPresentationModel.swift */,
			);
			path = Model;
			sourceTree = "<group>";
		};
		52AF70012A449A1D0060758E /* App */ = {
			isa = PBXGroup;
			children = (
				52AF6FC12A445B5A0060758E /* AppDelegate.swift */,
				52AF6FC32A445B5A0060758E /* SceneDelegate.swift */,
			);
			path = App;
			sourceTree = "<group>";
		};
		CF683F44DBF0EB1FDBE5D1B8 /* Frameworks */ = {
			isa = PBXGroup;
			children = (
				A6BB2EA80BDB53125FCF8FEA /* Pods_TodoList.framework */,
				2649D2974B623DD3FD1B47D4 /* Pods_TodoList_TodoListUITests.framework */,
				62B818232772081BA347DEF0 /* Pods_TodoListTests.framework */,
			);
			name = Frameworks;
			sourceTree = "<group>";
		};
/* End PBXGroup section */

/* Begin PBXNativeTarget section */
		52AF6FBD2A445B5A0060758E /* TodoList */ = {
			isa = PBXNativeTarget;
			buildConfigurationList = 52AF6FE82A445B5B0060758E /* Build configuration list for PBXNativeTarget "TodoList" */;
			buildPhases = (
				520DF5812A4FB488009EFF96 /* ShellScript */,
				64EEDDCA89AE295387D1FC23 /* [CP] Check Pods Manifest.lock */,
				52AF6FBA2A445B5A0060758E /* Sources */,
				52AF6FBB2A445B5A0060758E /* Frameworks */,
				52AF6FBC2A445B5A0060758E /* Resources */,
			);
			buildRules = (
			);
			dependencies = (
			);
			name = TodoList;
			packageProductDependencies = (
				527DF35A2A4D931500C8B2FD /* SnapKit */,
				525E599A2A549F020088BAA7 /* TodoModelsYandex */,
			);
			productName = TodoList;
			productReference = 52AF6FBE2A445B5A0060758E /* TodoList.app */;
			productType = "com.apple.product-type.application";
		};
		52AF6FD32A445B5B0060758E /* TodoListTests */ = {
			isa = PBXNativeTarget;
			buildConfigurationList = 52AF6FEB2A445B5B0060758E /* Build configuration list for PBXNativeTarget "TodoListTests" */;
			buildPhases = (
				C2D311889555506449CF79C4 /* [CP] Check Pods Manifest.lock */,
				52AF6FD02A445B5B0060758E /* Sources */,
				52AF6FD12A445B5B0060758E /* Frameworks */,
				52AF6FD22A445B5B0060758E /* Resources */,
			);
			buildRules = (
			);
			dependencies = (
				52AF6FD62A445B5B0060758E /* PBXTargetDependency */,
			);
			name = TodoListTests;
			productName = TodoListTests;
			productReference = 52AF6FD42A445B5B0060758E /* TodoListTests.xctest */;
			productType = "com.apple.product-type.bundle.unit-test";
		};
		52AF6FDD2A445B5B0060758E /* TodoListUITests */ = {
			isa = PBXNativeTarget;
			buildConfigurationList = 52AF6FEE2A445B5B0060758E /* Build configuration list for PBXNativeTarget "TodoListUITests" */;
			buildPhases = (
				4672E1D15014DDA79B1D0357 /* [CP] Check Pods Manifest.lock */,
				52AF6FDA2A445B5B0060758E /* Sources */,
				52AF6FDB2A445B5B0060758E /* Frameworks */,
				52AF6FDC2A445B5B0060758E /* Resources */,
			);
			buildRules = (
			);
			dependencies = (
				52AF6FE02A445B5B0060758E /* PBXTargetDependency */,
			);
			name = TodoListUITests;
			productName = TodoListUITests;
			productReference = 52AF6FDE2A445B5B0060758E /* TodoListUITests.xctest */;
			productType = "com.apple.product-type.bundle.ui-testing";
		};
/* End PBXNativeTarget section */

/* Begin PBXProject section */
		52AF6FB62A445B5A0060758E /* Project object */ = {
			isa = PBXProject;
			attributes = {
				BuildIndependentTargetsInParallel = 1;
				LastSwiftUpdateCheck = 1430;
				LastUpgradeCheck = 1430;
				TargetAttributes = {
					52AF6FBD2A445B5A0060758E = {
						CreatedOnToolsVersion = 14.3.1;
					};
					52AF6FD32A445B5B0060758E = {
						CreatedOnToolsVersion = 14.3.1;
						TestTargetID = 52AF6FBD2A445B5A0060758E;
					};
					52AF6FDD2A445B5B0060758E = {
						CreatedOnToolsVersion = 14.3.1;
						TestTargetID = 52AF6FBD2A445B5A0060758E;
					};
				};
			};
			buildConfigurationList = 52AF6FB92A445B5A0060758E /* Build configuration list for PBXProject "TodoList" */;
			compatibilityVersion = "Xcode 14.0";
			developmentRegion = en;
			hasScannedForEncodings = 0;
			knownRegions = (
				en,
				Base,
			);
			mainGroup = 52AF6FB52A445B5A0060758E;
			packageReferences = (
				527DF3592A4D931500C8B2FD /* XCRemoteSwiftPackageReference "SnapKit" */,
				525E59992A549F020088BAA7 /* XCRemoteSwiftPackageReference "TodoModelsYandex" */,
			);
			productRefGroup = 52AF6FBF2A445B5A0060758E /* Products */;
			projectDirPath = "";
			projectRoot = "";
			targets = (
				52AF6FBD2A445B5A0060758E /* TodoList */,
				52AF6FD32A445B5B0060758E /* TodoListTests */,
				52AF6FDD2A445B5B0060758E /* TodoListUITests */,
			);
		};
/* End PBXProject section */

/* Begin PBXResourcesBuildPhase section */
		52AF6FBC2A445B5A0060758E /* Resources */ = {
			isa = PBXResourcesBuildPhase;
			buildActionMask = 2147483647;
			files = (
				52AF6FCB2A445B5B0060758E /* Assets.xcassets in Resources */,
			);
			runOnlyForDeploymentPostprocessing = 0;
		};
		52AF6FD22A445B5B0060758E /* Resources */ = {
			isa = PBXResourcesBuildPhase;
			buildActionMask = 2147483647;
			files = (
			);
			runOnlyForDeploymentPostprocessing = 0;
		};
		52AF6FDC2A445B5B0060758E /* Resources */ = {
			isa = PBXResourcesBuildPhase;
			buildActionMask = 2147483647;
			files = (
			);
			runOnlyForDeploymentPostprocessing = 0;
		};
/* End PBXResourcesBuildPhase section */

/* Begin PBXShellScriptBuildPhase section */
		4672E1D15014DDA79B1D0357 /* [CP] Check Pods Manifest.lock */ = {
			isa = PBXShellScriptBuildPhase;
			buildActionMask = 2147483647;
			files = (
			);
			inputFileListPaths = (
			);
			inputPaths = (
				"${PODS_PODFILE_DIR_PATH}/Podfile.lock",
				"${PODS_ROOT}/Manifest.lock",
			);
			name = "[CP] Check Pods Manifest.lock";
			outputFileListPaths = (
			);
			outputPaths = (
				"$(DERIVED_FILE_DIR)/Pods-TodoList-TodoListUITests-checkManifestLockResult.txt",
			);
			runOnlyForDeploymentPostprocessing = 0;
			shellPath = /bin/sh;
			shellScript = "diff \"${PODS_PODFILE_DIR_PATH}/Podfile.lock\" \"${PODS_ROOT}/Manifest.lock\" > /dev/null\nif [ $? != 0 ] ; then\n    # print error to STDERR\n    echo \"error: The sandbox is not in sync with the Podfile.lock. Run 'pod install' or update your CocoaPods installation.\" >&2\n    exit 1\nfi\n# This output is used by Xcode 'outputs' to avoid re-running this script phase.\necho \"SUCCESS\" > \"${SCRIPT_OUTPUT_FILE_0}\"\n";
			showEnvVarsInLog = 0;
		};
		520DF5812A4FB488009EFF96 /* ShellScript */ = {
			isa = PBXShellScriptBuildPhase;
			buildActionMask = 2147483647;
			files = (
			);
			inputFileListPaths = (
			);
			inputPaths = (
			);
			outputFileListPaths = (
			);
			outputPaths = (
			);
			runOnlyForDeploymentPostprocessing = 0;
			shellPath = /bin/sh;
			shellScript = "\"${PODS_ROOT}/SwiftLint/swiftlint\"\n";
		};
		64EEDDCA89AE295387D1FC23 /* [CP] Check Pods Manifest.lock */ = {
			isa = PBXShellScriptBuildPhase;
			buildActionMask = 2147483647;
			files = (
			);
			inputFileListPaths = (
			);
			inputPaths = (
				"${PODS_PODFILE_DIR_PATH}/Podfile.lock",
				"${PODS_ROOT}/Manifest.lock",
			);
			name = "[CP] Check Pods Manifest.lock";
			outputFileListPaths = (
			);
			outputPaths = (
				"$(DERIVED_FILE_DIR)/Pods-TodoList-checkManifestLockResult.txt",
			);
			runOnlyForDeploymentPostprocessing = 0;
			shellPath = /bin/sh;
			shellScript = "diff \"${PODS_PODFILE_DIR_PATH}/Podfile.lock\" \"${PODS_ROOT}/Manifest.lock\" > /dev/null\nif [ $? != 0 ] ; then\n    # print error to STDERR\n    echo \"error: The sandbox is not in sync with the Podfile.lock. Run 'pod install' or update your CocoaPods installation.\" >&2\n    exit 1\nfi\n# This output is used by Xcode 'outputs' to avoid re-running this script phase.\necho \"SUCCESS\" > \"${SCRIPT_OUTPUT_FILE_0}\"\n";
			showEnvVarsInLog = 0;
		};
		C2D311889555506449CF79C4 /* [CP] Check Pods Manifest.lock */ = {
			isa = PBXShellScriptBuildPhase;
			buildActionMask = 2147483647;
			files = (
			);
			inputFileListPaths = (
			);
			inputPaths = (
				"${PODS_PODFILE_DIR_PATH}/Podfile.lock",
				"${PODS_ROOT}/Manifest.lock",
			);
			name = "[CP] Check Pods Manifest.lock";
			outputFileListPaths = (
			);
			outputPaths = (
				"$(DERIVED_FILE_DIR)/Pods-TodoListTests-checkManifestLockResult.txt",
			);
			runOnlyForDeploymentPostprocessing = 0;
			shellPath = /bin/sh;
			shellScript = "diff \"${PODS_PODFILE_DIR_PATH}/Podfile.lock\" \"${PODS_ROOT}/Manifest.lock\" > /dev/null\nif [ $? != 0 ] ; then\n    # print error to STDERR\n    echo \"error: The sandbox is not in sync with the Podfile.lock. Run 'pod install' or update your CocoaPods installation.\" >&2\n    exit 1\nfi\n# This output is used by Xcode 'outputs' to avoid re-running this script phase.\necho \"SUCCESS\" > \"${SCRIPT_OUTPUT_FILE_0}\"\n";
			showEnvVarsInLog = 0;
		};
/* End PBXShellScriptBuildPhase section */

/* Begin PBXSourcesBuildPhase section */
		52AF6FBA2A445B5A0060758E /* Sources */ = {
			isa = PBXSourcesBuildPhase;
			buildActionMask = 2147483647;
			files = (
				52AF70072A449CF80060758E /* PriorityView.swift in Sources */,
				527DF3582A4AF3D100C8B2FD /* TodoListController.swift in Sources */,
				52AF6FC22A445B5A0060758E /* AppDelegate.swift in Sources */,
				527DF35E2A4F5B5C00C8B2FD /* HeaderViewCell.swift in Sources */,
				527DF34E2A4AC64800C8B2FD /* DividerView.swift in Sources */,
				52AF70052A449C210060758E /* AddTodoView.swift in Sources */,
				52AF700F2A466F5F0060758E /* AddTodoPresentationModel.swift in Sources */,
				52AF70032A449BAC0060758E /* AddTodoController.swift in Sources */,
				527DF3492A4989CC00C8B2FD /* Extensions.swift in Sources */,
				527DF34C2A4ABB8100C8B2FD /* Colors.swift in Sources */,
				52AF700D2A45C2F60060758E /* CustomTextView.swift in Sources */,
				52AF70092A44A1A90060758E /* GlobalConstants.swift in Sources */,
				527DF3602A4F9D3400C8B2FD /* FooterViewCell.swift in Sources */,
				52AF6FC42A445B5A0060758E /* SceneDelegate.swift in Sources */,
				527DF3532A4ADF7800C8B2FD /* Images.swift in Sources */,
				527DF3512A4ADC1800C8B2FD /* TodoItemCell.swift in Sources */,
				52AF700B2A4564250060758E /* DeadlineCalenarView.swift in Sources */,
			);
			runOnlyForDeploymentPostprocessing = 0;
		};
		52AF6FD02A445B5B0060758E /* Sources */ = {
			isa = PBXSourcesBuildPhase;
			buildActionMask = 2147483647;
			files = (
				52AF6FD92A445B5B0060758E /* TodoListTests.swift in Sources */,
			);
			runOnlyForDeploymentPostprocessing = 0;
		};
		52AF6FDA2A445B5B0060758E /* Sources */ = {
			isa = PBXSourcesBuildPhase;
			buildActionMask = 2147483647;
			files = (
				52AF6FE52A445B5B0060758E /* TodoListUITestsLaunchTests.swift in Sources */,
				52AF6FE32A445B5B0060758E /* TodoListUITests.swift in Sources */,
			);
			runOnlyForDeploymentPostprocessing = 0;
		};
/* End PBXSourcesBuildPhase section */

/* Begin PBXTargetDependency section */
		52AF6FD62A445B5B0060758E /* PBXTargetDependency */ = {
			isa = PBXTargetDependency;
			target = 52AF6FBD2A445B5A0060758E /* TodoList */;
			targetProxy = 52AF6FD52A445B5B0060758E /* PBXContainerItemProxy */;
		};
		52AF6FE02A445B5B0060758E /* PBXTargetDependency */ = {
			isa = PBXTargetDependency;
			target = 52AF6FBD2A445B5A0060758E /* TodoList */;
			targetProxy = 52AF6FDF2A445B5B0060758E /* PBXContainerItemProxy */;
		};
/* End PBXTargetDependency section */

/* Begin XCBuildConfiguration section */
		52AF6FE62A445B5B0060758E /* Debug */ = {
			isa = XCBuildConfiguration;
			buildSettings = {
				ALWAYS_SEARCH_USER_PATHS = NO;
				CLANG_ANALYZER_NONNULL = YES;
				CLANG_ANALYZER_NUMBER_OBJECT_CONVERSION = YES_AGGRESSIVE;
				CLANG_CXX_LANGUAGE_STANDARD = "gnu++20";
				CLANG_ENABLE_MODULES = YES;
				CLANG_ENABLE_OBJC_ARC = YES;
				CLANG_ENABLE_OBJC_WEAK = YES;
				CLANG_WARN_BLOCK_CAPTURE_AUTORELEASING = YES;
				CLANG_WARN_BOOL_CONVERSION = YES;
				CLANG_WARN_COMMA = YES;
				CLANG_WARN_CONSTANT_CONVERSION = YES;
				CLANG_WARN_DEPRECATED_OBJC_IMPLEMENTATIONS = YES;
				CLANG_WARN_DIRECT_OBJC_ISA_USAGE = YES_ERROR;
				CLANG_WARN_DOCUMENTATION_COMMENTS = YES;
				CLANG_WARN_EMPTY_BODY = YES;
				CLANG_WARN_ENUM_CONVERSION = YES;
				CLANG_WARN_INFINITE_RECURSION = YES;
				CLANG_WARN_INT_CONVERSION = YES;
				CLANG_WARN_NON_LITERAL_NULL_CONVERSION = YES;
				CLANG_WARN_OBJC_IMPLICIT_RETAIN_SELF = YES;
				CLANG_WARN_OBJC_LITERAL_CONVERSION = YES;
				CLANG_WARN_OBJC_ROOT_CLASS = YES_ERROR;
				CLANG_WARN_QUOTED_INCLUDE_IN_FRAMEWORK_HEADER = YES;
				CLANG_WARN_RANGE_LOOP_ANALYSIS = YES;
				CLANG_WARN_STRICT_PROTOTYPES = YES;
				CLANG_WARN_SUSPICIOUS_MOVE = YES;
				CLANG_WARN_UNGUARDED_AVAILABILITY = YES_AGGRESSIVE;
				CLANG_WARN_UNREACHABLE_CODE = YES;
				CLANG_WARN__DUPLICATE_METHOD_MATCH = YES;
				COPY_PHASE_STRIP = NO;
				DEBUG_INFORMATION_FORMAT = dwarf;
				ENABLE_STRICT_OBJC_MSGSEND = YES;
				ENABLE_TESTABILITY = YES;
				GCC_C_LANGUAGE_STANDARD = gnu11;
				GCC_DYNAMIC_NO_PIC = NO;
				GCC_NO_COMMON_BLOCKS = YES;
				GCC_OPTIMIZATION_LEVEL = 0;
				GCC_PREPROCESSOR_DEFINITIONS = (
					"DEBUG=1",
					"$(inherited)",
				);
				GCC_WARN_64_TO_32_BIT_CONVERSION = YES;
				GCC_WARN_ABOUT_RETURN_TYPE = YES_ERROR;
				GCC_WARN_UNDECLARED_SELECTOR = YES;
				GCC_WARN_UNINITIALIZED_AUTOS = YES_AGGRESSIVE;
				GCC_WARN_UNUSED_FUNCTION = YES;
				GCC_WARN_UNUSED_VARIABLE = YES;
				IPHONEOS_DEPLOYMENT_TARGET = 16.4;
				MTL_ENABLE_DEBUG_INFO = INCLUDE_SOURCE;
				MTL_FAST_MATH = YES;
				ONLY_ACTIVE_ARCH = YES;
				SDKROOT = iphoneos;
				SWIFT_ACTIVE_COMPILATION_CONDITIONS = DEBUG;
				SWIFT_OPTIMIZATION_LEVEL = "-Onone";
			};
			name = Debug;
		};
		52AF6FE72A445B5B0060758E /* Release */ = {
			isa = XCBuildConfiguration;
			buildSettings = {
				ALWAYS_SEARCH_USER_PATHS = NO;
				CLANG_ANALYZER_NONNULL = YES;
				CLANG_ANALYZER_NUMBER_OBJECT_CONVERSION = YES_AGGRESSIVE;
				CLANG_CXX_LANGUAGE_STANDARD = "gnu++20";
				CLANG_ENABLE_MODULES = YES;
				CLANG_ENABLE_OBJC_ARC = YES;
				CLANG_ENABLE_OBJC_WEAK = YES;
				CLANG_WARN_BLOCK_CAPTURE_AUTORELEASING = YES;
				CLANG_WARN_BOOL_CONVERSION = YES;
				CLANG_WARN_COMMA = YES;
				CLANG_WARN_CONSTANT_CONVERSION = YES;
				CLANG_WARN_DEPRECATED_OBJC_IMPLEMENTATIONS = YES;
				CLANG_WARN_DIRECT_OBJC_ISA_USAGE = YES_ERROR;
				CLANG_WARN_DOCUMENTATION_COMMENTS = YES;
				CLANG_WARN_EMPTY_BODY = YES;
				CLANG_WARN_ENUM_CONVERSION = YES;
				CLANG_WARN_INFINITE_RECURSION = YES;
				CLANG_WARN_INT_CONVERSION = YES;
				CLANG_WARN_NON_LITERAL_NULL_CONVERSION = YES;
				CLANG_WARN_OBJC_IMPLICIT_RETAIN_SELF = YES;
				CLANG_WARN_OBJC_LITERAL_CONVERSION = YES;
				CLANG_WARN_OBJC_ROOT_CLASS = YES_ERROR;
				CLANG_WARN_QUOTED_INCLUDE_IN_FRAMEWORK_HEADER = YES;
				CLANG_WARN_RANGE_LOOP_ANALYSIS = YES;
				CLANG_WARN_STRICT_PROTOTYPES = YES;
				CLANG_WARN_SUSPICIOUS_MOVE = YES;
				CLANG_WARN_UNGUARDED_AVAILABILITY = YES_AGGRESSIVE;
				CLANG_WARN_UNREACHABLE_CODE = YES;
				CLANG_WARN__DUPLICATE_METHOD_MATCH = YES;
				COPY_PHASE_STRIP = NO;
				DEBUG_INFORMATION_FORMAT = "dwarf-with-dsym";
				ENABLE_NS_ASSERTIONS = NO;
				ENABLE_STRICT_OBJC_MSGSEND = YES;
				GCC_C_LANGUAGE_STANDARD = gnu11;
				GCC_NO_COMMON_BLOCKS = YES;
				GCC_WARN_64_TO_32_BIT_CONVERSION = YES;
				GCC_WARN_ABOUT_RETURN_TYPE = YES_ERROR;
				GCC_WARN_UNDECLARED_SELECTOR = YES;
				GCC_WARN_UNINITIALIZED_AUTOS = YES_AGGRESSIVE;
				GCC_WARN_UNUSED_FUNCTION = YES;
				GCC_WARN_UNUSED_VARIABLE = YES;
				IPHONEOS_DEPLOYMENT_TARGET = 16.4;
				MTL_ENABLE_DEBUG_INFO = NO;
				MTL_FAST_MATH = YES;
				SDKROOT = iphoneos;
				SWIFT_COMPILATION_MODE = wholemodule;
				SWIFT_OPTIMIZATION_LEVEL = "-O";
				VALIDATE_PRODUCT = YES;
			};
			name = Release;
		};
		52AF6FE92A445B5B0060758E /* Debug */ = {
			isa = XCBuildConfiguration;
			baseConfigurationReference = D016DF16990E01599C97EB31 /* Pods-TodoList.debug.xcconfig */;
			buildSettings = {
				ASSETCATALOG_COMPILER_APPICON_NAME = AppIcon;
				ASSETCATALOG_COMPILER_GLOBAL_ACCENT_COLOR_NAME = AccentColor;
				CODE_SIGN_STYLE = Automatic;
				CURRENT_PROJECT_VERSION = 1;
				DEVELOPMENT_TEAM = ZC2RZX2F24;
				GENERATE_INFOPLIST_FILE = YES;
				INFOPLIST_FILE = TodoList/Info.plist;
				INFOPLIST_KEY_UIApplicationSupportsIndirectInputEvents = YES;
				INFOPLIST_KEY_UILaunchStoryboardName = LaunchScreen;
				INFOPLIST_KEY_UISupportedInterfaceOrientations_iPad = "UIInterfaceOrientationPortrait UIInterfaceOrientationPortraitUpsideDown UIInterfaceOrientationLandscapeLeft UIInterfaceOrientationLandscapeRight";
				INFOPLIST_KEY_UISupportedInterfaceOrientations_iPhone = "UIInterfaceOrientationPortrait UIInterfaceOrientationLandscapeLeft UIInterfaceOrientationLandscapeRight";
				LD_RUNPATH_SEARCH_PATHS = (
					"$(inherited)",
					"@executable_path/Frameworks",
				);
				MARKETING_VERSION = 1.0;
				PRODUCT_BUNDLE_IDENTIFIER = com.daulet.TodoList;
				PRODUCT_NAME = "$(TARGET_NAME)";
				SWIFT_EMIT_LOC_STRINGS = YES;
				SWIFT_STRICT_CONCURRENCY = complete;
				SWIFT_VERSION = 5.0;
				TARGETED_DEVICE_FAMILY = "1,2";
			};
			name = Debug;
		};
		52AF6FEA2A445B5B0060758E /* Release */ = {
			isa = XCBuildConfiguration;
			baseConfigurationReference = 7B7C495EB41C2181F3220519 /* Pods-TodoList.release.xcconfig */;
			buildSettings = {
				ASSETCATALOG_COMPILER_APPICON_NAME = AppIcon;
				ASSETCATALOG_COMPILER_GLOBAL_ACCENT_COLOR_NAME = AccentColor;
				CODE_SIGN_STYLE = Automatic;
				CURRENT_PROJECT_VERSION = 1;
				DEVELOPMENT_TEAM = ZC2RZX2F24;
				GENERATE_INFOPLIST_FILE = YES;
				INFOPLIST_FILE = TodoList/Info.plist;
				INFOPLIST_KEY_UIApplicationSupportsIndirectInputEvents = YES;
				INFOPLIST_KEY_UILaunchStoryboardName = LaunchScreen;
				INFOPLIST_KEY_UISupportedInterfaceOrientations_iPad = "UIInterfaceOrientationPortrait UIInterfaceOrientationPortraitUpsideDown UIInterfaceOrientationLandscapeLeft UIInterfaceOrientationLandscapeRight";
				INFOPLIST_KEY_UISupportedInterfaceOrientations_iPhone = "UIInterfaceOrientationPortrait UIInterfaceOrientationLandscapeLeft UIInterfaceOrientationLandscapeRight";
				LD_RUNPATH_SEARCH_PATHS = (
					"$(inherited)",
					"@executable_path/Frameworks",
				);
				MARKETING_VERSION = 1.0;
				PRODUCT_BUNDLE_IDENTIFIER = com.daulet.TodoList;
				PRODUCT_NAME = "$(TARGET_NAME)";
				SWIFT_EMIT_LOC_STRINGS = YES;
				SWIFT_STRICT_CONCURRENCY = complete;
				SWIFT_VERSION = 5.0;
				TARGETED_DEVICE_FAMILY = "1,2";
			};
			name = Release;
		};
		52AF6FEC2A445B5B0060758E /* Debug */ = {
			isa = XCBuildConfiguration;
			baseConfigurationReference = D8657A9E31C857D9663BBFBE /* Pods-TodoListTests.debug.xcconfig */;
			buildSettings = {
				ALWAYS_EMBED_SWIFT_STANDARD_LIBRARIES = YES;
				BUNDLE_LOADER = "$(TEST_HOST)";
				CODE_SIGN_STYLE = Automatic;
				CURRENT_PROJECT_VERSION = 1;
				DEVELOPMENT_TEAM = ZC2RZX2F24;
				GENERATE_INFOPLIST_FILE = YES;
				IPHONEOS_DEPLOYMENT_TARGET = 16.4;
				MARKETING_VERSION = 1.0;
				PRODUCT_BUNDLE_IDENTIFIER = com.daulet.TodoListTests;
				PRODUCT_NAME = "$(TARGET_NAME)";
				SWIFT_EMIT_LOC_STRINGS = NO;
				SWIFT_VERSION = 5.0;
				TARGETED_DEVICE_FAMILY = "1,2";
				TEST_HOST = "$(BUILT_PRODUCTS_DIR)/TodoList.app/$(BUNDLE_EXECUTABLE_FOLDER_PATH)/TodoList";
			};
			name = Debug;
		};
		52AF6FED2A445B5B0060758E /* Release */ = {
			isa = XCBuildConfiguration;
			baseConfigurationReference = F6AEFA32BCEE7C8DA39432ED /* Pods-TodoListTests.release.xcconfig */;
			buildSettings = {
				ALWAYS_EMBED_SWIFT_STANDARD_LIBRARIES = YES;
				BUNDLE_LOADER = "$(TEST_HOST)";
				CODE_SIGN_STYLE = Automatic;
				CURRENT_PROJECT_VERSION = 1;
				DEVELOPMENT_TEAM = ZC2RZX2F24;
				GENERATE_INFOPLIST_FILE = YES;
				IPHONEOS_DEPLOYMENT_TARGET = 16.4;
				MARKETING_VERSION = 1.0;
				PRODUCT_BUNDLE_IDENTIFIER = com.daulet.TodoListTests;
				PRODUCT_NAME = "$(TARGET_NAME)";
				SWIFT_EMIT_LOC_STRINGS = NO;
				SWIFT_VERSION = 5.0;
				TARGETED_DEVICE_FAMILY = "1,2";
				TEST_HOST = "$(BUILT_PRODUCTS_DIR)/TodoList.app/$(BUNDLE_EXECUTABLE_FOLDER_PATH)/TodoList";
			};
			name = Release;
		};
		52AF6FEF2A445B5B0060758E /* Debug */ = {
			isa = XCBuildConfiguration;
			baseConfigurationReference = 6BCD2A8EC9004785DF50D031 /* Pods-TodoList-TodoListUITests.debug.xcconfig */;
			buildSettings = {
				ALWAYS_EMBED_SWIFT_STANDARD_LIBRARIES = YES;
				CODE_SIGN_STYLE = Automatic;
				CURRENT_PROJECT_VERSION = 1;
				DEVELOPMENT_TEAM = ZC2RZX2F24;
				GENERATE_INFOPLIST_FILE = YES;
				MARKETING_VERSION = 1.0;
				PRODUCT_BUNDLE_IDENTIFIER = com.daulet.TodoListUITests;
				PRODUCT_NAME = "$(TARGET_NAME)";
				SWIFT_EMIT_LOC_STRINGS = NO;
				SWIFT_VERSION = 5.0;
				TARGETED_DEVICE_FAMILY = "1,2";
				TEST_TARGET_NAME = TodoList;
			};
			name = Debug;
		};
		52AF6FF02A445B5B0060758E /* Release */ = {
			isa = XCBuildConfiguration;
			baseConfigurationReference = 64CEF58B058554614129FB8A /* Pods-TodoList-TodoListUITests.release.xcconfig */;
			buildSettings = {
				ALWAYS_EMBED_SWIFT_STANDARD_LIBRARIES = YES;
				CODE_SIGN_STYLE = Automatic;
				CURRENT_PROJECT_VERSION = 1;
				DEVELOPMENT_TEAM = ZC2RZX2F24;
				GENERATE_INFOPLIST_FILE = YES;
				MARKETING_VERSION = 1.0;
				PRODUCT_BUNDLE_IDENTIFIER = com.daulet.TodoListUITests;
				PRODUCT_NAME = "$(TARGET_NAME)";
				SWIFT_EMIT_LOC_STRINGS = NO;
				SWIFT_VERSION = 5.0;
				TARGETED_DEVICE_FAMILY = "1,2";
				TEST_TARGET_NAME = TodoList;
			};
			name = Release;
		};
/* End XCBuildConfiguration section */

/* Begin XCConfigurationList section */
		52AF6FB92A445B5A0060758E /* Build configuration list for PBXProject "TodoList" */ = {
			isa = XCConfigurationList;
			buildConfigurations = (
				52AF6FE62A445B5B0060758E /* Debug */,
				52AF6FE72A445B5B0060758E /* Release */,
			);
			defaultConfigurationIsVisible = 0;
			defaultConfigurationName = Release;
		};
		52AF6FE82A445B5B0060758E /* Build configuration list for PBXNativeTarget "TodoList" */ = {
			isa = XCConfigurationList;
			buildConfigurations = (
				52AF6FE92A445B5B0060758E /* Debug */,
				52AF6FEA2A445B5B0060758E /* Release */,
			);
			defaultConfigurationIsVisible = 0;
			defaultConfigurationName = Release;
		};
		52AF6FEB2A445B5B0060758E /* Build configuration list for PBXNativeTarget "TodoListTests" */ = {
			isa = XCConfigurationList;
			buildConfigurations = (
				52AF6FEC2A445B5B0060758E /* Debug */,
				52AF6FED2A445B5B0060758E /* Release */,
			);
			defaultConfigurationIsVisible = 0;
			defaultConfigurationName = Release;
		};
		52AF6FEE2A445B5B0060758E /* Build configuration list for PBXNativeTarget "TodoListUITests" */ = {
			isa = XCConfigurationList;
			buildConfigurations = (
				52AF6FEF2A445B5B0060758E /* Debug */,
				52AF6FF02A445B5B0060758E /* Release */,
			);
			defaultConfigurationIsVisible = 0;
			defaultConfigurationName = Release;
		};
/* End XCConfigurationList section */

/* Begin XCRemoteSwiftPackageReference section */
		525E59992A549F020088BAA7 /* XCRemoteSwiftPackageReference "TodoModelsYandex" */ = {
			isa = XCRemoteSwiftPackageReference;
			repositoryURL = "https://github.com/dxulet/TodoModelsYandex.git";
			requirement = {
				kind = upToNextMajorVersion;
				minimumVersion = 1.0.3;
			};
		};
		527DF3592A4D931500C8B2FD /* XCRemoteSwiftPackageReference "SnapKit" */ = {
			isa = XCRemoteSwiftPackageReference;
			repositoryURL = "https://github.com/SnapKit/SnapKit";
			requirement = {
				kind = upToNextMajorVersion;
				minimumVersion = 5.1.0;
			};
		};
/* End XCRemoteSwiftPackageReference section */

/* Begin XCSwiftPackageProductDependency section */
		525E599A2A549F020088BAA7 /* TodoModelsYandex */ = {
			isa = XCSwiftPackageProductDependency;
			package = 525E59992A549F020088BAA7 /* XCRemoteSwiftPackageReference "TodoModelsYandex" */;
			productName = TodoModelsYandex;
		};
		527DF35A2A4D931500C8B2FD /* SnapKit */ = {
			isa = XCSwiftPackageProductDependency;
			package = 527DF3592A4D931500C8B2FD /* XCRemoteSwiftPackageReference "SnapKit" */;
			productName = SnapKit;
		};
/* End XCSwiftPackageProductDependency section */
	};
	rootObject = 52AF6FB62A445B5A0060758E /* Project object */;
}
